{
  "object": {
    "pins": [
      {
        "package": "CocoaAsyncSocket",
        "repositoryURL": "https://github.com/robbiehanson/CocoaAsyncSocket",
        "state": {
          "branch": null,
          "revision": "dbdc00669c1ced63b27c3c5f052ee4d28f10150c",
          "version": "7.6.5"
        }
      },
      {
        "package": "OSCKit",
        "repositoryURL": "https://github.com/orchetect/OSCKit.git",
        "state": {
          "branch": null,
          "revision": "e764dd623499181908cb2e54c3d8cc4dd0278e00",
          "version": "1.2.2"
        }
      },
      {
        "package": "SwiftASCII",
        "repositoryURL": "https://github.com/orchetect/SwiftASCII",
        "state": {
          "branch": null,
          "revision": "9708885ab4c3e6015f5b7b3d546afedd5afc320f",
          "version": "1.1.5"
        }
      },
      {
        "package": "Yams",
        "repositoryURL": "https://github.com/jpsim/Yams.git",
        "state": {
          "branch": null,
          "revision": "3d6871d5b4a5cd519adf233fbb576e0a2af71c17",
          "version": "5.4.0"
        }
      }
    ]
  },
  "version": 1
}
